# This is a Gradle generated file for dependency locking.
# Manual edits can break the build and are not advised.
# This file is expected to be part of source control.
ch.qos.logback:logback-classic:1.4.14=productionRuntimeClasspath
ch.qos.logback:logback-classic:1.5.22=compileClasspath,compileClasspathCopy,runtimeClasspath,runtimeClasspathCopy,testCompileClasspath,testRuntimeClasspath
ch.qos.logback:logback-core:1.4.14=productionRuntimeClasspath
ch.qos.logback:logback-core:1.5.22=compileClasspath,compileClasspathCopy,runtimeClasspath,runtimeClasspathCopy,testCompileClasspath,testRuntimeClasspath
com.ethlo.time:itu:1.7.0=productionRuntimeClasspath
com.ethlo.time:itu:1.8.0=compileClasspath,compileClasspathCopy,runtimeClasspath,runtimeClasspathCopy,testCompileClasspath,testRuntimeClasspath
com.fasterxml.jackson.core:jackson-annotations:2.17.0=productionRuntimeClasspath
com.fasterxml.jackson.core:jackson-annotations:2.20=compileClasspath,compileClasspathCopy,runtimeClasspath,runtimeClasspathCopy,testCompileClasspath,testRuntimeClasspath
com.fasterxml.jackson.core:jackson-core:2.17.0=productionRuntimeClasspath
com.fasterxml.jackson.core:jackson-core:2.20.1=compileClasspath,compileClasspathCopy,runtimeClasspath,runtimeClasspathCopy,testCompileClasspath,testRuntimeClasspath
com.fasterxml.jackson.core:jackson-databind:2.17.0=productionRuntimeClasspath
com.fasterxml.jackson.core:jackson-databind:2.20.1=compileClasspath,compileClasspathCopy,runtimeClasspath,runtimeClasspathCopy,testCompileClasspath,testRuntimeClasspath
com.fasterxml.jackson.dataformat:jackson-dataformat-properties:2.17.0=productionRuntimeClasspath
com.fasterxml.jackson.dataformat:jackson-dataformat-properties:2.20.1=compileClasspath,compileClasspathCopy,runtimeClasspath,runtimeClasspathCopy,testCompileClasspath,testRuntimeClasspath
com.fasterxml.jackson.dataformat:jackson-dataformat-yaml:2.17.0=productionRuntimeClasspath
com.fasterxml.jackson.dataformat:jackson-dataformat-yaml:2.20.1=compileClasspath,compileClasspathCopy,runtimeClasspath,runtimeClasspathCopy,testCompileClasspath,testRuntimeClasspath
com.fasterxml.jackson.datatype:jackson-datatype-jdk8:2.17.0=productionRuntimeClasspath
com.fasterxml.jackson.datatype:jackson-datatype-jdk8:2.20.1=compileClasspath,compileClasspathCopy,runtimeClasspath,runtimeClasspathCopy,testCompileClasspath,testRuntimeClasspath
com.fasterxml.jackson.datatype:jackson-datatype-jsr310:2.17.0=productionRuntimeClasspath
com.fasterxml.jackson.datatype:jackson-datatype-jsr310:2.20.1=compileClasspath,compileClasspathCopy,runtimeClasspath,runtimeClasspathCopy,testCompileClasspath,testRuntimeClasspath
com.fasterxml.jackson.module:jackson-module-parameter-names:2.17.0=productionRuntimeClasspath
com.fasterxml.jackson.module:jackson-module-parameter-names:2.20.1=compileClasspath,compileClasspathCopy,runtimeClasspath,runtimeClasspathCopy,testCompileClasspath,testRuntimeClasspath
com.fasterxml.jackson:jackson-bom:2.17.0=productionRuntimeClasspath
com.fasterxml.jackson:jackson-bom:2.20.1=compileClasspath,compileClasspathCopy,runtimeClasspath,runtimeClasspathCopy,testCompileClasspath,testRuntimeClasspath
com.fasterxml.woodstox:woodstox-core:6.4.0=productionRuntimeClasspath
com.fasterxml.woodstox:woodstox-core:6.5.1=runtimeClasspath,runtimeClasspathCopy,testRuntimeClasspath
com.fasterxml:classmate:1.5.1=compileClasspath,compileClasspathCopy,productionRuntimeClasspath,runtimeClasspath,runtimeClasspathCopy,testCompileClasspath,testRuntimeClasspath
com.github.stephenc.jcip:jcip-annotations:1.0-1=compileClasspath,compileClasspathCopy,productionRuntimeClasspath,runtimeClasspath,runtimeClasspathCopy,testCompileClasspath,testRuntimeClasspath
com.google.code.findbugs:jsr305:3.0.2=checkstyle,compileClasspath,compileClasspathCopy,productionRuntimeClasspath,runtimeClasspath,runtimeClasspathCopy,testCompileClasspath,testRuntimeClasspath
com.google.code.gson:gson:2.10=productionRuntimeClasspath
com.google.code.gson:gson:2.11.0=compileClasspath,compileClasspathCopy,runtimeClasspath,runtimeClasspathCopy,testCompileClasspath,testRuntimeClasspath
com.google.errorprone:error_prone_annotations:2.26.1=checkstyle,productionRuntimeClasspath
com.google.errorprone:error_prone_annotations:2.27.0=compileClasspath,compileClasspathCopy,runtimeClasspath,runtimeClasspathCopy,testCompileClasspath,testRuntimeClasspath
com.google.guava:failureaccess:1.0.2=checkstyle,compileClasspath,compileClasspathCopy,productionRuntimeClasspath,runtimeClasspath,runtimeClasspathCopy,testCompileClasspath,testRuntimeClasspath
com.google.guava:guava:33.0.0-jre=compileClasspath,compileClasspathCopy,runtimeClasspath,runtimeClasspathCopy,testCompileClasspath,testRuntimeClasspath
com.google.guava:guava:33.1.0-jre=productionRuntimeClasspath
com.google.guava:guava:33.2.0-jre=checkstyle
com.google.guava:listenablefuture:9999.0-empty-to-avoid-conflict-with-guava=checkstyle,compileClasspath,compileClasspathCopy,productionRuntimeClasspath,runtimeClasspath,runtimeClasspathCopy,testCompileClasspath,testRuntimeClasspath
com.google.j2objc:j2objc-annotations:2.8=compileClasspath,compileClasspathCopy,testCompileClasspath
com.networknt:json-schema-validator:1.0.80=productionRuntimeClasspath
com.networknt:json-schema-validator:1.4.0=compileClasspath,compileClasspathCopy,runtimeClasspath,runtimeClasspathCopy,testCompileClasspath,testRuntimeClasspath
com.nimbusds:content-type:2.2=compileClasspath,compileClasspathCopy,productionRuntimeClasspath,runtimeClasspath,runtimeClasspathCopy,testCompileClasspath,testRuntimeClasspath
com.nimbusds:lang-tag:1.7=compileClasspath,compileClasspathCopy,productionRuntimeClasspath,runtimeClasspath,runtimeClasspathCopy,testCompileClasspath,testRuntimeClasspath
com.nimbusds:nimbus-jose-jwt:9.37.3=productionRuntimeClasspath
com.nimbusds:nimbus-jose-jwt:9.37.4=compileClasspath,compileClasspathCopy,runtimeClasspath,runtimeClasspathCopy,testCompileClasspath,testRuntimeClasspath
com.nimbusds:oauth2-oidc-sdk:9.43.3=productionRuntimeClasspath
com.nimbusds:oauth2-oidc-sdk:9.43.6=compileClasspath,compileClasspathCopy,runtimeClasspath,runtimeClasspathCopy,testCompileClasspath,testRuntimeClasspath
com.puppycrawl.tools:checkstyle:10.17.0=checkstyle
com.unboundid:unboundid-ldapsdk:7.0.0=productionRuntimeClasspath
commons-beanutils:commons-beanutils:1.9.4=checkstyle,compileClasspath,compileClasspathCopy,productionRuntimeClasspath,runtimeClasspath,runtimeClasspathCopy,testCompileClasspath,testRuntimeClasspath
commons-codec:commons-codec:1.15=checkstyle,productionRuntimeClasspath
commons-codec:commons-codec:1.17.1=compileClasspath,compileClasspathCopy,runtimeClasspath,runtimeClasspathCopy,testCompileClasspath,testRuntimeClasspath
commons-collections:commons-collections:3.2.2=checkstyle,compileClasspath,compileClasspathCopy,productionRuntimeClasspath,runtimeClasspath,runtimeClasspathCopy,testCompileClasspath,testRuntimeClasspath
commons-io:commons-io:2.16.1=compileClasspath,compileClasspathCopy,productionRuntimeClasspath,runtimeClasspath,runtimeClasspathCopy,testCompileClasspath,testRuntimeClasspath
commons-logging:commons-logging:1.2=compileClasspath,compileClasspathCopy,productionRuntimeClasspath,runtimeClasspath,runtimeClasspathCopy,testCompileClasspath,testRuntimeClasspath
info.picocli:picocli:4.7.6=checkstyle
io.dropwizard.metrics:metrics-core:4.2.25=productionRuntimeClasspath
io.dropwizard.metrics:metrics-core:4.2.26=compileClasspath,compileClasspathCopy,runtimeClasspath,runtimeClasspathCopy,testCompileClasspath,testRuntimeClasspath
io.dropwizard.metrics:metrics-json:4.2.26=compileClasspath,compileClasspathCopy,runtimeClasspath,runtimeClasspathCopy,testCompileClasspath,testRuntimeClasspath
io.github.classgraph:classgraph:4.8.154=productionRuntimeClasspath,runtimeClasspath,runtimeClasspathCopy,testRuntimeClasspath
io.micrometer:micrometer-commons:1.12.5=productionRuntimeClasspath
io.micrometer:micrometer-commons:1.14.14=compileClasspath,compileClasspathCopy,runtimeClasspath,runtimeClasspathCopy,testCompileClasspath,testRuntimeClasspath
io.micrometer:micrometer-core:1.14.9=compileClasspath,compileClasspathCopy,runtimeClasspath,runtimeClasspathCopy,testCompileClasspath,testRuntimeClasspath
io.micrometer:micrometer-observation:1.12.5=productionRuntimeClasspath
io.micrometer:micrometer-observation:1.14.14=compileClasspath,compileClasspathCopy,runtimeClasspath,runtimeClasspathCopy,testCompileClasspath,testRuntimeClasspath
io.netty:netty-buffer:4.1.108.Final=productionRuntimeClasspath
io.netty:netty-buffer:4.1.128.Final=compileClasspath,compileClasspathCopy,runtimeClasspath,runtimeClasspathCopy,testCompileClasspath,testRuntimeClasspath
io.netty:netty-codec-dns:4.1.108.Final=productionRuntimeClasspath
io.netty:netty-codec-dns:4.1.128.Final=compileClasspath,compileClasspathCopy,runtimeClasspath,runtimeClasspathCopy,testCompileClasspath,testRuntimeClasspath
io.netty:netty-codec-http2:4.1.108.Final=productionRuntimeClasspath
io.netty:netty-codec-http2:4.1.128.Final=compileClasspath,compileClasspathCopy,runtimeClasspath,runtimeClasspathCopy,testCompileClasspath,testRuntimeClasspath
io.netty:netty-codec-http:4.1.108.Final=productionRuntimeClasspath
io.netty:netty-codec-http:4.1.128.Final=compileClasspath,compileClasspathCopy,runtimeClasspath,runtimeClasspathCopy,testCompileClasspath,testRuntimeClasspath
io.netty:netty-codec-socks:4.1.108.Final=productionRuntimeClasspath
io.netty:netty-codec-socks:4.1.128.Final=compileClasspath,compileClasspathCopy,runtimeClasspath,runtimeClasspathCopy,testCompileClasspath,testRuntimeClasspath
io.netty:netty-codec:4.1.108.Final=productionRuntimeClasspath
io.netty:netty-codec:4.1.128.Final=compileClasspath,compileClasspathCopy,runtimeClasspath,runtimeClasspathCopy,testCompileClasspath,testRuntimeClasspath
io.netty:netty-common:4.1.108.Final=productionRuntimeClasspath
io.netty:netty-common:4.1.128.Final=compileClasspath,compileClasspathCopy,runtimeClasspath,runtimeClasspathCopy,testCompileClasspath,testRuntimeClasspath
io.netty:netty-handler-proxy:4.1.108.Final=productionRuntimeClasspath
io.netty:netty-handler-proxy:4.1.128.Final=compileClasspath,compileClasspathCopy,runtimeClasspath,runtimeClasspathCopy,testCompileClasspath,testRuntimeClasspath
io.netty:netty-handler:4.1.108.Final=productionRuntimeClasspath
io.netty:netty-handler:4.1.128.Final=compileClasspath,compileClasspathCopy,runtimeClasspath,runtimeClasspathCopy,testCompileClasspath,testRuntimeClasspath
io.netty:netty-resolver-dns-classes-macos:4.1.108.Final=productionRuntimeClasspath
io.netty:netty-resolver-dns-classes-macos:4.1.128.Final=compileClasspath,compileClasspathCopy,runtimeClasspath,runtimeClasspathCopy,testCompileClasspath,testRuntimeClasspath
io.netty:netty-resolver-dns-native-macos:4.1.108.Final=productionRuntimeClasspath
io.netty:netty-resolver-dns-native-macos:4.1.128.Final=compileClasspath,compileClasspathCopy,runtimeClasspath,runtimeClasspathCopy,testCompileClasspath,testRuntimeClasspath
io.netty:netty-resolver-dns:4.1.108.Final=productionRuntimeClasspath
io.netty:netty-resolver-dns:4.1.128.Final=compileClasspath,compileClasspathCopy,runtimeClasspath,runtimeClasspathCopy,testCompileClasspath,testRuntimeClasspath
io.netty:netty-resolver:4.1.108.Final=productionRuntimeClasspath
io.netty:netty-resolver:4.1.128.Final=compileClasspath,compileClasspathCopy,runtimeClasspath,runtimeClasspathCopy,testCompileClasspath,testRuntimeClasspath
io.netty:netty-transport-classes-epoll:4.1.108.Final=productionRuntimeClasspath
io.netty:netty-transport-classes-epoll:4.1.128.Final=compileClasspath,compileClasspathCopy,runtimeClasspath,runtimeClasspathCopy,testCompileClasspath,testRuntimeClasspath
io.netty:netty-transport-native-epoll:4.1.108.Final=productionRuntimeClasspath
io.netty:netty-transport-native-epoll:4.1.128.Final=compileClasspath,compileClasspathCopy,runtimeClasspath,runtimeClasspathCopy,testCompileClasspath,testRuntimeClasspath
io.netty:netty-transport-native-unix-common:4.1.108.Final=productionRuntimeClasspath
io.netty:netty-transport-native-unix-common:4.1.128.Final=compileClasspath,compileClasspathCopy,runtimeClasspath,runtimeClasspathCopy,testCompileClasspath,testRuntimeClasspath
io.netty:netty-transport:4.1.108.Final=productionRuntimeClasspath
io.netty:netty-transport:4.1.128.Final=compileClasspath,compileClasspathCopy,runtimeClasspath,runtimeClasspathCopy,testCompileClasspath,testRuntimeClasspath
io.projectreactor.netty:reactor-netty-core:1.1.18=productionRuntimeClasspath
io.projectreactor.netty:reactor-netty-core:1.2.13=compileClasspath,compileClasspathCopy,runtimeClasspath,runtimeClasspathCopy,testCompileClasspath,testRuntimeClasspath
io.projectreactor.netty:reactor-netty-http:1.1.18=productionRuntimeClasspath
io.projectreactor.netty:reactor-netty-http:1.2.13=compileClasspath,compileClasspathCopy,runtimeClasspath,runtimeClasspathCopy,testCompileClasspath,testRuntimeClasspath
io.projectreactor:reactor-core:3.6.5=productionRuntimeClasspath
io.projectreactor:reactor-core:3.7.14=compileClasspath,compileClasspathCopy,runtimeClasspath,runtimeClasspathCopy,testCompileClasspath,testRuntimeClasspath
jakarta.annotation:jakarta.annotation-api:2.1.1=productionRuntimeClasspath
jakarta.annotation:jakarta.annotation-api:3.0.0=compileClasspath,compileClasspathCopy,runtimeClasspath,runtimeClasspathCopy,testCompileClasspath,testRuntimeClasspath
jakarta.inject:jakarta.inject-api:2.0.1=compileClasspath,compileClasspathCopy,productionRuntimeClasspath,runtimeClasspath,runtimeClasspathCopy,testCompileClasspath,testRuntimeClasspath
jakarta.persistence:jakarta.persistence-api:3.1.0=compileClasspath,compileClasspathCopy,productionRuntimeClasspath,runtimeClasspath,runtimeClasspathCopy,testCompileClasspath,testRuntimeClasspath
jakarta.servlet:jakarta.servlet-api:6.0.0=compileClasspath,compileClasspathCopy,productionRuntimeClasspath,runtimeClasspath,runtimeClasspathCopy,testCompileClasspath,testRuntimeClasspath
jakarta.validation:jakarta.validation-api:3.0.2=compileClasspath,compileClasspathCopy,productionRuntimeClasspath,runtimeClasspath,runtimeClasspathCopy,testCompileClasspath,testRuntimeClasspath
jakarta.xml.bind:jakarta.xml.bind-api:3.0.1=compileClasspath,compileClasspathCopy,runtimeClasspath,runtimeClasspathCopy,testCompileClasspath,testRuntimeClasspath
net.bytebuddy:byte-buddy-agent:1.14.12=testCompileClasspath,testRuntimeClasspath
net.bytebuddy:byte-buddy:1.14.12=testCompileClasspath,testRuntimeClasspath
net.bytebuddy:byte-buddy:1.14.9=productionRuntimeClasspath
net.minidev:accessors-smart:2.4.9=productionRuntimeClasspath
net.minidev:accessors-smart:2.5.2=compileClasspath,compileClasspathCopy,runtimeClasspath,runtimeClasspathCopy,testCompileClasspath,testRuntimeClasspath
net.minidev:json-smart:2.4.10=productionRuntimeClasspath
net.minidev:json-smart:2.5.2=compileClasspath,compileClasspathCopy,runtimeClasspath,runtimeClasspathCopy,testCompileClasspath,testRuntimeClasspath
net.sf.saxon:Saxon-HE:12.4=checkstyle
net.shibboleth.utilities:java-support:8.4.1=productionRuntimeClasspath
net.shibboleth:shib-networking:9.1.3=compileClasspath,compileClasspathCopy,runtimeClasspath,runtimeClasspathCopy,testCompileClasspath,testRuntimeClasspath
net.shibboleth:shib-security:9.1.3=compileClasspath,compileClasspathCopy,runtimeClasspath,runtimeClasspathCopy,testCompileClasspath,testRuntimeClasspath
net.shibboleth:shib-support:9.1.3=compileClasspath,compileClasspathCopy,runtimeClasspath,runtimeClasspathCopy,testCompileClasspath,testRuntimeClasspath
net.shibboleth:shib-velocity:9.1.3=compileClasspath,compileClasspathCopy,runtimeClasspath,runtimeClasspathCopy,testCompileClasspath,testRuntimeClasspath
org.antlr:antlr4-runtime:4.13.1=checkstyle
org.apache.commons:commons-collections4:4.4=compileClasspath,compileClasspathCopy,productionRuntimeClasspath,runtimeClasspath,runtimeClasspathCopy,testCompileClasspath,testRuntimeClasspath
org.apache.commons:commons-lang3:3.14.0=compileClasspath,compileClasspathCopy,productionRuntimeClasspath,runtimeClasspath,runtimeClasspathCopy,testCompileClasspath,testRuntimeClasspath
org.apache.commons:commons-lang3:3.8.1=checkstyle
org.apache.commons:commons-text:1.3=checkstyle
org.apache.httpcomponents.client5:httpclient5-cache:5.3.1=compileClasspath,compileClasspathCopy,runtimeClasspath,runtimeClasspathCopy,testCompileClasspath,testRuntimeClasspath
org.apache.httpcomponents.client5:httpclient5:5.1.3=checkstyle
org.apache.httpcomponents.client5:httpclient5:5.4.1=compileClasspath,compileClasspathCopy,runtimeClasspath,runtimeClasspathCopy,testCompileClasspath,testRuntimeClasspath
org.apache.httpcomponents.core5:httpcore5-h2:5.1.3=checkstyle
org.apache.httpcomponents.core5:httpcore5-h2:5.3.1=compileClasspath,compileClasspathCopy,runtimeClasspath,runtimeClasspathCopy,testCompileClasspath,testRuntimeClasspath
org.apache.httpcomponents.core5:httpcore5:5.1.3=checkstyle
org.apache.httpcomponents.core5:httpcore5:5.3.1=compileClasspath,compileClasspathCopy,runtimeClasspath,runtimeClasspathCopy,testCompileClasspath,testRuntimeClasspath
org.apache.httpcomponents:httpclient:4.5.13=checkstyle
org.apache.httpcomponents:httpclient:4.5.14=productionRuntimeClasspath
org.apache.httpcomponents:httpcore:4.4.14=checkstyle
org.apache.httpcomponents:httpcore:4.4.16=productionRuntimeClasspath
org.apache.logging.log4j:log4j-api:2.21.1=productionRuntimeClasspath
org.apache.logging.log4j:log4j-api:2.24.3=compileClasspath,compileClasspathCopy,runtimeClasspath,runtimeClasspathCopy,testCompileClasspath,testRuntimeClasspath
org.apache.logging.log4j:log4j-to-slf4j:2.21.1=productionRuntimeClasspath
org.apache.logging.log4j:log4j-to-slf4j:2.24.3=compileClasspath,compileClasspathCopy,runtimeClasspath,runtimeClasspathCopy,testCompileClasspath,testRuntimeClasspath
org.apache.maven.doxia:doxia-core:1.12.0=checkstyle
org.apache.maven.doxia:doxia-logging-api:1.12.0=checkstyle
org.apache.maven.doxia:doxia-module-xdoc:1.12.0=checkstyle
org.apache.maven.doxia:doxia-sink-api:1.12.0=checkstyle
org.apache.santuario:xmlsec:2.3.4=productionRuntimeClasspath
org.apache.santuario:xmlsec:3.0.5=compileClasspath,compileClasspathCopy,runtimeClasspath,runtimeClasspathCopy,testCompileClasspath,testRuntimeClasspath
org.apache.tomcat.embed:tomcat-embed-el:10.1.20=productionRuntimeClasspath
org.apache.tomcat.embed:tomcat-embed-el:10.1.50=compileClasspath,compileClasspathCopy,runtimeClasspath,runtimeClasspathCopy,testCompileClasspath,testRuntimeClasspath
org.apache.velocity:velocity-engine-core:2.3=compileClasspath,compileClasspathCopy,productionRuntimeClasspath,runtimeClasspath,runtimeClasspathCopy,testCompileClasspath,testRuntimeClasspath
org.apache.xbean:xbean-reflect:3.7=checkstyle
org.apiguardian:apiguardian-api:1.1.2=testCompileClasspath
org.aspectj:aspectjweaver:1.9.21.1=compileClasspath,compileClasspathCopy,productionRuntimeClasspath,runtimeClasspath,runtimeClasspathCopy,testCompileClasspath,testRuntimeClasspath
org.bouncycastle:bcpkix-jdk18on:1.72=productionRuntimeClasspath
org.bouncycastle:bcpkix-jdk18on:1.77=compileClasspath,compileClasspathCopy,runtimeClasspath,runtimeClasspathCopy,testCompileClasspath,testRuntimeClasspath
org.bouncycastle:bcprov-jdk18on:1.72=productionRuntimeClasspath
org.bouncycastle:bcprov-jdk18on:1.79=compileClasspath,compileClasspathCopy,runtimeClasspath,runtimeClasspathCopy,testCompileClasspath,testRuntimeClasspath
org.bouncycastle:bcutil-jdk18on:1.72=productionRuntimeClasspath
org.bouncycastle:bcutil-jdk18on:1.77=compileClasspath,compileClasspathCopy,runtimeClasspath,runtimeClasspathCopy,testCompileClasspath,testRuntimeClasspath
org.checkerframework:checker-qual:3.41.0=compileClasspath,compileClasspathCopy,runtimeClasspath,runtimeClasspathCopy,testCompileClasspath,testRuntimeClasspath
org.checkerframework:checker-qual:3.42.0=productionRuntimeClasspath
org.checkerframework:checker-qual:3.43.0=checkstyle
org.codehaus.plexus:plexus-classworlds:2.6.0=checkstyle
org.codehaus.plexus:plexus-component-annotations:2.1.0=checkstyle
org.codehaus.plexus:plexus-container-default:2.1.0=checkstyle
org.codehaus.plexus:plexus-utils:3.3.0=checkstyle
org.codehaus.woodstox:stax2-api:4.2.1=productionRuntimeClasspath,runtimeClasspath,runtimeClasspathCopy,testRuntimeClasspath
org.cryptacular:cryptacular:1.2.5=productionRuntimeClasspath
org.cryptacular:cryptacular:1.2.6=compileClasspath,compileClasspathCopy,runtimeClasspath,runtimeClasspathCopy,testCompileClasspath,testRuntimeClasspath
org.hdrhistogram:HdrHistogram:2.2.2=runtimeClasspath,runtimeClasspathCopy,testRuntimeClasspath
org.hibernate.validator:hibernate-validator:8.0.1.Final=productionRuntimeClasspath
org.hibernate.validator:hibernate-validator:8.0.3.Final=compileClasspath,compileClasspathCopy,runtimeClasspath,runtimeClasspathCopy,testCompileClasspath,testRuntimeClasspath
org.jacoco:org.jacoco.agent:0.8.13=jacocoAgent,jacocoAnt
org.jacoco:org.jacoco.ant:0.8.13=jacocoAnt
org.jacoco:org.jacoco.core:0.8.13=jacocoAnt
org.jacoco:org.jacoco.report:0.8.13=jacocoAnt
org.javassist:javassist:3.28.0-GA=checkstyle,compileClasspath,compileClasspathCopy,runtimeClasspath,runtimeClasspathCopy,testCompileClasspath,testRuntimeClasspath
org.javers:javers-core:7.4.2=productionRuntimeClasspath
org.javers:javers-core:7.7.0=compileClasspath,compileClasspathCopy,runtimeClasspath,runtimeClasspathCopy,testCompileClasspath,testRuntimeClasspath
org.jboss.logging:jboss-logging:3.4.3.Final=compileClasspath,compileClasspathCopy,productionRuntimeClasspath,runtimeClasspath,runtimeClasspathCopy,testCompileClasspath,testRuntimeClasspath
org.junit.jupiter:junit-jupiter-api:5.10.2=testCompileClasspath,testRuntimeClasspath
org.junit.jupiter:junit-jupiter-engine:5.10.2=testRuntimeClasspath
org.junit.jupiter:junit-jupiter-params:5.10.2=testCompileClasspath,testRuntimeClasspath
org.junit.jupiter:junit-jupiter:5.10.2=testCompileClasspath,testRuntimeClasspath
org.junit.platform:junit-platform-commons:1.10.2=testCompileClasspath,testRuntimeClasspath
org.junit.platform:junit-platform-engine:1.10.2=testCompileClasspath,testRuntimeClasspath
org.junit.platform:junit-platform-launcher:1.10.2=testCompileClasspath,testRuntimeClasspath
org.junit:junit-bom:5.10.2=testCompileClasspath,testRuntimeClasspath
org.latencyutils:LatencyUtils:2.0.3=runtimeClasspath,runtimeClasspathCopy,testRuntimeClasspath
org.mockito:mockito-core:5.11.0=testCompileClasspath,testRuntimeClasspath
org.mockito:mockito-junit-jupiter:5.11.0=testCompileClasspath,testRuntimeClasspath
org.objenesis:objenesis:3.3=testRuntimeClasspath
org.opensaml:opensaml-core-api:5.1.3=compileClasspath,compileClasspathCopy,runtimeClasspath,runtimeClasspathCopy,testCompileClasspath,testRuntimeClasspath
org.opensaml:opensaml-core-impl:5.1.3=compileClasspath,compileClasspathCopy,runtimeClasspath,runtimeClasspathCopy,testCompileClasspath,testRuntimeClasspath
org.opensaml:opensaml-core:4.3.1=productionRuntimeClasspath
org.opensaml:opensaml-messaging-api:4.3.1=productionRuntimeClasspath
org.opensaml:opensaml-messaging-api:5.1.3=compileClasspath,compileClasspathCopy,runtimeClasspath,runtimeClasspathCopy,testCompileClasspath,testRuntimeClasspath
org.opensaml:opensaml-profile-api:4.3.1=productionRuntimeClasspath
org.opensaml:opensaml-profile-api:5.1.3=compileClasspath,compileClasspathCopy,runtimeClasspath,runtimeClasspathCopy,testCompileClasspath,testRuntimeClasspath
org.opensaml:opensaml-saml-api:4.3.1=productionRuntimeClasspath
org.opensaml:opensaml-saml-api:5.1.3=compileClasspath,compileClasspathCopy,runtimeClasspath,runtimeClasspathCopy,testCompileClasspath,testRuntimeClasspath
org.opensaml:opensaml-saml-impl:4.3.1=productionRuntimeClasspath
org.opensaml:opensaml-saml-impl:5.1.3=compileClasspath,compileClasspathCopy,runtimeClasspath,runtimeClasspathCopy,testCompileClasspath,testRuntimeClasspath
org.opensaml:opensaml-security-api:4.3.1=productionRuntimeClasspath
org.opensaml:opensaml-security-api:5.1.3=compileClasspath,compileClasspathCopy,runtimeClasspath,runtimeClasspathCopy,testCompileClasspath,testRuntimeClasspath
org.opensaml:opensaml-security-impl:4.3.1=productionRuntimeClasspath
org.opensaml:opensaml-security-impl:5.1.3=compileClasspath,compileClasspathCopy,runtimeClasspath,runtimeClasspathCopy,testCompileClasspath,testRuntimeClasspath
org.opensaml:opensaml-soap-api:4.3.1=productionRuntimeClasspath
org.opensaml:opensaml-soap-api:5.1.3=compileClasspath,compileClasspathCopy,runtimeClasspath,runtimeClasspathCopy,testCompileClasspath,testRuntimeClasspath
org.opensaml:opensaml-soap-impl:4.3.1=productionRuntimeClasspath
org.opensaml:opensaml-soap-impl:5.1.3=compileClasspath,compileClasspathCopy,runtimeClasspath,runtimeClasspathCopy,testCompileClasspath,testRuntimeClasspath
org.opensaml:opensaml-storage-api:4.3.1=productionRuntimeClasspath
org.opensaml:opensaml-storage-api:5.1.3=compileClasspath,compileClasspathCopy,runtimeClasspath,runtimeClasspathCopy,testCompileClasspath,testRuntimeClasspath
org.opensaml:opensaml-xmlsec-api:4.3.1=productionRuntimeClasspath
org.opensaml:opensaml-xmlsec-api:5.1.3=compileClasspath,compileClasspathCopy,runtimeClasspath,runtimeClasspathCopy,testCompileClasspath,testRuntimeClasspath
org.opensaml:opensaml-xmlsec-impl:4.3.1=productionRuntimeClasspath
org.opensaml:opensaml-xmlsec-impl:5.1.3=compileClasspath,compileClasspathCopy,runtimeClasspath,runtimeClasspathCopy,testCompileClasspath,testRuntimeClasspath
org.opentest4j:opentest4j:1.3.0=testCompileClasspath,testRuntimeClasspath
org.ow2.asm:asm-commons:9.8=jacocoAnt
org.ow2.asm:asm-tree:9.8=jacocoAnt
org.ow2.asm:asm:9.3=productionRuntimeClasspath
org.ow2.asm:asm:9.7.1=compileClasspath,compileClasspathCopy,runtimeClasspath,runtimeClasspathCopy,testCompileClasspath,testRuntimeClasspath
org.ow2.asm:asm:9.8=jacocoAnt
org.picocontainer:picocontainer:2.15=productionRuntimeClasspath,runtimeClasspath,runtimeClasspathCopy,testRuntimeClasspath
org.reactivestreams:reactive-streams:1.0.4=compileClasspath,compileClasspathCopy,productionRuntimeClasspath,runtimeClasspath,runtimeClasspathCopy,testCompileClasspath,testRuntimeClasspath
org.reflections:reflections:0.10.2=checkstyle,compileClasspath,compileClasspathCopy,runtimeClasspath,runtimeClasspathCopy,testCompileClasspath,testRuntimeClasspath
org.slf4j:jul-to-slf4j:2.0.13=productionRuntimeClasspath
org.slf4j:jul-to-slf4j:2.0.17=compileClasspath,compileClasspathCopy,runtimeClasspath,runtimeClasspathCopy,testCompileClasspath,testRuntimeClasspath
org.slf4j:slf4j-api:2.0.13=productionRuntimeClasspath
org.slf4j:slf4j-api:2.0.17=compileClasspath,compileClasspathCopy,runtimeClasspath,runtimeClasspathCopy,testCompileClasspath,testRuntimeClasspath
org.springframework.boot:spring-boot-autoconfigure:3.2.5=productionRuntimeClasspath
org.springframework.boot:spring-boot-autoconfigure:3.5.9=compileClasspath,compileClasspathCopy,runtimeClasspath,runtimeClasspathCopy,testCompileClasspath,testRuntimeClasspath
org.springframework.boot:spring-boot-configuration-processor:3.5.9=annotationProcessor
org.springframework.boot:spring-boot-starter-json:3.2.5=productionRuntimeClasspath
org.springframework.boot:spring-boot-starter-json:3.5.9=compileClasspath,compileClasspathCopy,runtimeClasspath,runtimeClasspathCopy,testCompileClasspath,testRuntimeClasspath
org.springframework.boot:spring-boot-starter-logging:3.2.5=productionRuntimeClasspath
org.springframework.boot:spring-boot-starter-logging:3.5.9=compileClasspath,compileClasspathCopy,runtimeClasspath,runtimeClasspathCopy,testCompileClasspath,testRuntimeClasspath
org.springframework.boot:spring-boot-starter-reactor-netty:3.2.5=productionRuntimeClasspath
org.springframework.boot:spring-boot-starter-reactor-netty:3.5.9=compileClasspath,compileClasspathCopy,runtimeClasspath,runtimeClasspathCopy,testCompileClasspath,testRuntimeClasspath
org.springframework.boot:spring-boot-starter-security:3.2.5=productionRuntimeClasspath
org.springframework.boot:spring-boot-starter-security:3.5.9=compileClasspath,compileClasspathCopy,runtimeClasspath,runtimeClasspathCopy,testCompileClasspath,testRuntimeClasspath
org.springframework.boot:spring-boot-starter-validation:3.2.5=productionRuntimeClasspath
org.springframework.boot:spring-boot-starter-validation:3.5.9=compileClasspath,compileClasspathCopy,runtimeClasspath,runtimeClasspathCopy,testCompileClasspath,testRuntimeClasspath
org.springframework.boot:spring-boot-starter-webflux:3.2.5=productionRuntimeClasspath
org.springframework.boot:spring-boot-starter-webflux:3.5.9=compileClasspath,compileClasspathCopy,runtimeClasspath,runtimeClasspathCopy,testCompileClasspath,testRuntimeClasspath
org.springframework.boot:spring-boot-starter:3.2.5=productionRuntimeClasspath
org.springframework.boot:spring-boot-starter:3.5.9=compileClasspath,compileClasspathCopy,runtimeClasspath,runtimeClasspathCopy,testCompileClasspath,testRuntimeClasspath
org.springframework.boot:spring-boot:3.2.5=productionRuntimeClasspath
org.springframework.boot:spring-boot:3.5.9=compileClasspath,compileClasspathCopy,runtimeClasspath,runtimeClasspathCopy,testCompileClasspath,testRuntimeClasspath
org.springframework.ldap:spring-ldap-core:3.2.3=productionRuntimeClasspath
org.springframework.ldap:spring-ldap-core:3.3.2=compileClasspath,compileClasspathCopy,runtimeClasspath,runtimeClasspathCopy,testCompileClasspath,testRuntimeClasspath
org.springframework.security:spring-security-config:6.2.4=productionRuntimeClasspath
org.springframework.security:spring-security-config:6.5.7=compileClasspath,compileClasspathCopy,runtimeClasspath,runtimeClasspathCopy,testCompileClasspath,testRuntimeClasspath
org.springframework.security:spring-security-core:6.2.4=productionRuntimeClasspath
org.springframework.security:spring-security-core:6.5.7=compileClasspath,compileClasspathCopy,runtimeClasspath,runtimeClasspathCopy,testCompileClasspath,testRuntimeClasspath
org.springframework.security:spring-security-crypto:6.2.4=productionRuntimeClasspath
org.springframework.security:spring-security-crypto:6.5.7=compileClasspath,compileClasspathCopy,runtimeClasspath,runtimeClasspathCopy,testCompileClasspath,testRuntimeClasspath
org.springframework.security:spring-security-ldap:6.2.4=productionRuntimeClasspath
org.springframework.security:spring-security-ldap:6.5.7=compileClasspath,compileClasspathCopy,runtimeClasspath,runtimeClasspathCopy,testCompileClasspath,testRuntimeClasspath
org.springframework.security:spring-security-oauth2-client:6.2.4=productionRuntimeClasspath
org.springframework.security:spring-security-oauth2-client:6.5.7=compileClasspath,compileClasspathCopy,runtimeClasspath,runtimeClasspathCopy,testCompileClasspath,testRuntimeClasspath
org.springframework.security:spring-security-oauth2-core:6.2.4=productionRuntimeClasspath
org.springframework.security:spring-security-oauth2-core:6.5.7=compileClasspath,compileClasspathCopy,runtimeClasspath,runtimeClasspathCopy,testCompileClasspath,testRuntimeClasspath
org.springframework.security:spring-security-oauth2-jose:6.2.4=productionRuntimeClasspath
org.springframework.security:spring-security-oauth2-jose:6.5.7=compileClasspath,compileClasspathCopy,runtimeClasspath,runtimeClasspathCopy,testCompileClasspath,testRuntimeClasspath
org.springframework.security:spring-security-oauth2-resource-server:6.2.4=productionRuntimeClasspath
org.springframework.security:spring-security-oauth2-resource-server:6.5.7=compileClasspath,compileClasspathCopy,runtimeClasspath,runtimeClasspathCopy,testCompileClasspath,testRuntimeClasspath
org.springframework.security:spring-security-saml2-service-provider:6.2.4=productionRuntimeClasspath
org.springframework.security:spring-security-saml2-service-provider:6.5.7=compileClasspath,compileClasspathCopy,runtimeClasspath,runtimeClasspathCopy,testCompileClasspath,testRuntimeClasspath
org.springframework.security:spring-security-web:6.2.4=productionRuntimeClasspath
org.springframework.security:spring-security-web:6.5.7=compileClasspath,compileClasspathCopy,runtimeClasspath,runtimeClasspathCopy,testCompileClasspath,testRuntimeClasspath
org.springframework:spring-aop:6.1.6=productionRuntimeClasspath
org.springframework:spring-aop:6.2.15=compileClasspath,compileClasspathCopy,runtimeClasspath,runtimeClasspathCopy,testCompileClasspath,testRuntimeClasspath
org.springframework:spring-beans:6.1.6=productionRuntimeClasspath
org.springframework:spring-beans:6.2.15=compileClasspath,compileClasspathCopy,runtimeClasspath,runtimeClasspathCopy,testCompileClasspath,testRuntimeClasspath
org.springframework:spring-context:6.1.6=productionRuntimeClasspath
org.springframework:spring-context:6.2.15=compileClasspath,compileClasspathCopy,runtimeClasspath,runtimeClasspathCopy,testCompileClasspath,testRuntimeClasspath
org.springframework:spring-core:6.1.6=productionRuntimeClasspath
org.springframework:spring-core:6.2.15=compileClasspath,compileClasspathCopy,runtimeClasspath,runtimeClasspathCopy,testCompileClasspath,testRuntimeClasspath
org.springframework:spring-expression:6.1.6=productionRuntimeClasspath
org.springframework:spring-expression:6.2.15=compileClasspath,compileClasspathCopy,runtimeClasspath,runtimeClasspathCopy,testCompileClasspath,testRuntimeClasspath
org.springframework:spring-jcl:6.1.6=productionRuntimeClasspath
org.springframework:spring-jcl:6.2.15=compileClasspath,compileClasspathCopy,runtimeClasspath,runtimeClasspathCopy,testCompileClasspath,testRuntimeClasspath
org.springframework:spring-test:6.2.15=testCompileClasspath,testRuntimeClasspath
org.springframework:spring-tx:6.1.6=productionRuntimeClasspath
org.springframework:spring-tx:6.2.13=compileClasspath,compileClasspathCopy,runtimeClasspath,runtimeClasspathCopy,testCompileClasspath,testRuntimeClasspath
org.springframework:spring-web:6.1.6=productionRuntimeClasspath
org.springframework:spring-web:6.2.15=compileClasspath,compileClasspathCopy,runtimeClasspath,runtimeClasspathCopy,testCompileClasspath,testRuntimeClasspath
org.springframework:spring-webflux:6.1.6=productionRuntimeClasspath
org.springframework:spring-webflux:6.2.15=compileClasspath,compileClasspathCopy,runtimeClasspath,runtimeClasspathCopy,testCompileClasspath,testRuntimeClasspath
org.xmlresolver:xmlresolver:5.2.2=checkstyle
org.yaml:snakeyaml:2.2=productionRuntimeClasspath
org.yaml:snakeyaml:2.4=compileClasspath,compileClasspathCopy,runtimeClasspath,runtimeClasspathCopy,testCompileClasspath,testRuntimeClasspath
se.swedenconnect.opensaml:opensaml-security-ext:3.1.2=productionRuntimeClasspath
se.swedenconnect.opensaml:opensaml-security-ext:4.1.2=compileClasspath,compileClasspathCopy,runtimeClasspath,runtimeClasspathCopy,testCompileClasspath,testRuntimeClasspath
empty=cyclonedxBom,developmentOnly,testAndDevelopmentOnly,testAnnotationProcessor
