# This is a Gradle generated file for dependency locking.
# Manual edits can break the build and are not advised.
# This file is expected to be part of source control.
ch.qos.reload4j:reload4j:1.2.22=testCompileClasspath,testRuntimeClasspath
com.fasterxml.jackson.core:jackson-annotations:2.17.2=compileClasspath,testCompileClasspath
com.fasterxml.jackson.core:jackson-annotations:2.17.3=runtimeClasspath,testRuntimeClasspath
com.fasterxml.jackson.core:jackson-core:2.17.2=compileClasspath,testCompileClasspath
com.fasterxml.jackson.core:jackson-core:2.17.3=runtimeClasspath,testRuntimeClasspath
com.fasterxml.jackson.core:jackson-databind:2.17.2=compileClasspath,testCompileClasspath
com.fasterxml.jackson.core:jackson-databind:2.17.3=runtimeClasspath,testRuntimeClasspath
com.fasterxml.jackson.dataformat:jackson-dataformat-csv:2.17.3=testRuntimeClasspath
com.fasterxml.jackson.dataformat:jackson-dataformat-smile:2.17.2=compileClasspath,testCompileClasspath
com.fasterxml.jackson.dataformat:jackson-dataformat-smile:2.17.3=runtimeClasspath,testRuntimeClasspath
com.fasterxml.jackson.dataformat:jackson-dataformat-xml:2.17.3=runtimeClasspath,testRuntimeClasspath
com.fasterxml.jackson.datatype:jackson-datatype-jdk8:2.17.3=runtimeClasspath,testRuntimeClasspath
com.fasterxml.jackson.datatype:jackson-datatype-jsr310:2.17.2=compileClasspath,testCompileClasspath
com.fasterxml.jackson.datatype:jackson-datatype-jsr310:2.17.3=runtimeClasspath,testRuntimeClasspath
com.fasterxml.jackson.module:jackson-module-jaxb-annotations:2.17.3=runtimeClasspath,testRuntimeClasspath
com.fasterxml.jackson.module:jackson-module-parameter-names:2.17.2=compileClasspath,testCompileClasspath
com.fasterxml.jackson.module:jackson-module-parameter-names:2.17.3=runtimeClasspath,testRuntimeClasspath
com.fasterxml.jackson:jackson-bom:2.17.2=compileClasspath,testCompileClasspath
com.fasterxml.jackson:jackson-bom:2.17.3=runtimeClasspath,testRuntimeClasspath
com.fasterxml.woodstox:woodstox-core:6.7.0=runtimeClasspath,testRuntimeClasspath
com.github.ben-manes.caffeine:caffeine:2.9.3=runtimeClasspath,testRuntimeClasspath
com.google.code.findbugs:jsr305:3.0.2=checkstyle
com.google.errorprone:error_prone_annotations:2.10.0=runtimeClasspath,testRuntimeClasspath
com.google.errorprone:error_prone_annotations:2.26.1=checkstyle
com.google.guava:failureaccess:1.0.2=checkstyle
com.google.guava:guava:33.2.0-jre=checkstyle
com.google.guava:listenablefuture:9999.0-empty-to-avoid-conflict-with-guava=checkstyle
com.googlecode.javaewah:JavaEWAH:1.1.13=runtimeClasspath,testRuntimeClasspath
com.puppycrawl.tools:checkstyle:10.17.0=checkstyle
commons-beanutils:commons-beanutils:1.9.4=checkstyle
commons-codec:commons-codec:1.15=checkstyle
commons-collections:commons-collections:3.2.2=checkstyle
dev.failsafe:failsafe:3.3.2=runtimeClasspath,testRuntimeClasspath
info.picocli:picocli:4.7.6=checkstyle
io.github.classgraph:classgraph:4.8.181=runtimeClasspath,testRuntimeClasspath
io.micrometer:micrometer-core:1.9.17=compileClasspath,runtimeClasspath,testCompileClasspath,testRuntimeClasspath
io.moderne:jsonrpc:1.0.1=runtimeClasspath,testRuntimeClasspath
io.quarkus.gizmo:gizmo:1.0.11.Final=runtimeClasspath,testRuntimeClasspath
jakarta.activation:jakarta.activation-api:1.2.2=runtimeClasspath,testRuntimeClasspath
jakarta.xml.bind:jakarta.xml.bind-api:2.3.3=runtimeClasspath,testRuntimeClasspath
net.bytebuddy:byte-buddy:1.14.11=testCompileClasspath
net.bytebuddy:byte-buddy:1.15.11=testRuntimeClasspath
net.java.dev.jna:jna-platform:5.17.0=runtimeClasspath,testRuntimeClasspath
net.java.dev.jna:jna:5.17.0=runtimeClasspath,testRuntimeClasspath
net.sf.saxon:Saxon-HE:12.4=checkstyle
org.antlr:antlr4-runtime:4.13.1=checkstyle
org.antlr:antlr4-runtime:4.13.2=runtimeClasspath,testRuntimeClasspath
org.apache.commons:commons-lang3:3.18.0=runtimeClasspath,testRuntimeClasspath
org.apache.commons:commons-lang3:3.8.1=checkstyle
org.apache.commons:commons-text:1.14.0=runtimeClasspath,testRuntimeClasspath
org.apache.commons:commons-text:1.3=checkstyle
org.apache.httpcomponents.client5:httpclient5:5.1.3=checkstyle
org.apache.httpcomponents.core5:httpcore5-h2:5.1.3=checkstyle
org.apache.httpcomponents.core5:httpcore5:5.1.3=checkstyle
org.apache.httpcomponents:httpclient:4.5.13=checkstyle
org.apache.httpcomponents:httpcore:4.4.14=checkstyle
org.apache.maven.doxia:doxia-core:1.12.0=checkstyle
org.apache.maven.doxia:doxia-logging-api:1.12.0=checkstyle
org.apache.maven.doxia:doxia-module-xdoc:1.12.0=checkstyle
org.apache.maven.doxia:doxia-sink-api:1.12.0=checkstyle
org.apache.xbean:xbean-reflect:3.7=checkstyle
org.apiguardian:apiguardian-api:1.1.2=testCompileClasspath
org.assertj:assertj-core:3.25.3=testCompileClasspath
org.assertj:assertj-core:3.27.4=testRuntimeClasspath
org.checkerframework:checker-qual:3.19.0=runtimeClasspath,testRuntimeClasspath
org.checkerframework:checker-qual:3.43.0=checkstyle
org.codehaus.plexus:plexus-classworlds:2.6.0=checkstyle
org.codehaus.plexus:plexus-component-annotations:2.1.0=checkstyle
org.codehaus.plexus:plexus-container-default:2.1.0=checkstyle
org.codehaus.plexus:plexus-utils:3.3.0=checkstyle
org.codehaus.woodstox:stax2-api:4.2.2=runtimeClasspath,testRuntimeClasspath
org.hdrhistogram:HdrHistogram:2.1.12=compileClasspath,runtimeClasspath,testCompileClasspath,testRuntimeClasspath
org.jacoco:org.jacoco.agent:0.8.14=jacocoAgent,jacocoAnt
org.jacoco:org.jacoco.ant:0.8.14=jacocoAnt
org.jacoco:org.jacoco.core:0.8.14=jacocoAnt
org.jacoco:org.jacoco.report:0.8.14=jacocoAnt
org.javassist:javassist:3.28.0-GA=checkstyle
org.jboss:jandex:2.4.2.Final=runtimeClasspath,testRuntimeClasspath
org.jetbrains:annotations:26.0.2=compileClasspath,runtimeClasspath,testCompileClasspath,testRuntimeClasspath
org.jspecify:jspecify:1.0.0=compileClasspath,runtimeClasspath,testCompileClasspath,testRuntimeClasspath
org.junit.jupiter:junit-jupiter-api:5.13.3=testCompileClasspath,testRuntimeClasspath
org.junit.jupiter:junit-jupiter-engine:5.13.3=testRuntimeClasspath
org.junit.jupiter:junit-jupiter-params:5.13.3=testCompileClasspath,testRuntimeClasspath
org.junit.jupiter:junit-jupiter:5.13.3=testCompileClasspath,testRuntimeClasspath
org.junit.platform:junit-platform-commons:1.13.3=testCompileClasspath,testRuntimeClasspath
org.junit.platform:junit-platform-engine:1.13.3=testCompileClasspath,testRuntimeClasspath
org.junit.platform:junit-platform-launcher:1.13.3=testCompileClasspath,testRuntimeClasspath
org.junit:junit-bom:5.13.3=testCompileClasspath,testRuntimeClasspath
org.latencyutils:LatencyUtils:2.0.3=runtimeClasspath,testRuntimeClasspath
org.objenesis:objenesis:3.4=runtimeClasspath,testRuntimeClasspath
org.openrewrite.recipe:rewrite-recipe-bom:3.13.0=compileClasspath,rewrite,runtimeClasspath,testCompileClasspath,testRuntimeClasspath
org.openrewrite.tools:java-object-diff:1.0.1=runtimeClasspath,testRuntimeClasspath
org.openrewrite.tools:jgit:1.3.0=compileClasspath,runtimeClasspath,testCompileClasspath,testRuntimeClasspath
org.openrewrite:rewrite-core:8.60.0=compileClasspath,runtimeClasspath,testCompileClasspath,testRuntimeClasspath
org.openrewrite:rewrite-java-21:8.60.0=runtimeClasspath,testRuntimeClasspath
org.openrewrite:rewrite-java-lombok:8.60.0=runtimeClasspath,testRuntimeClasspath
org.openrewrite:rewrite-java:8.60.0=compileClasspath,runtimeClasspath,testCompileClasspath,testRuntimeClasspath
org.openrewrite:rewrite-maven:8.60.0=compileClasspath,runtimeClasspath,testCompileClasspath,testRuntimeClasspath
org.openrewrite:rewrite-properties:8.60.0=compileClasspath,runtimeClasspath,testCompileClasspath,testRuntimeClasspath
org.openrewrite:rewrite-test:8.60.0=testCompileClasspath,testRuntimeClasspath
org.openrewrite:rewrite-xml:8.60.0=compileClasspath,runtimeClasspath,testCompileClasspath,testRuntimeClasspath
org.openrewrite:rewrite-yaml:8.60.0=compileClasspath,runtimeClasspath,testCompileClasspath,testRuntimeClasspath
org.opentest4j:opentest4j:1.3.0=testCompileClasspath,testRuntimeClasspath
org.ow2.asm:asm-analysis:9.8=runtimeClasspath,testRuntimeClasspath
org.ow2.asm:asm-commons:9.9=jacocoAnt
org.ow2.asm:asm-tree:9.8=runtimeClasspath,testRuntimeClasspath
org.ow2.asm:asm-tree:9.9=jacocoAnt
org.ow2.asm:asm-util:9.8=runtimeClasspath,testRuntimeClasspath
org.ow2.asm:asm:9.8=runtimeClasspath,testRuntimeClasspath
org.ow2.asm:asm:9.9=jacocoAnt
org.projectlombok:lombok:1.18.38=runtimeClasspath,testRuntimeClasspath
org.reflections:reflections:0.10.2=checkstyle
org.slf4j:slf4j-api:2.0.13=testCompileClasspath,testRuntimeClasspath
org.slf4j:slf4j-log4j12:2.0.13=testCompileClasspath,testRuntimeClasspath
org.slf4j:slf4j-nop:1.7.36=testRuntimeClasspath
org.slf4j:slf4j-reload4j:2.0.13=testCompileClasspath,testRuntimeClasspath
org.xmlresolver:xmlresolver:5.2.2=checkstyle
org.yaml:snakeyaml:2.4=runtimeClasspath,testRuntimeClasspath
empty=annotationProcessor,cyclonedxBom,testAnnotationProcessor
