# This is a Gradle generated file for dependency locking.
# Manual edits can break the build and are not advised.
# This file is expected to be part of source control.
ch.qos.reload4j:reload4j:1.2.22=jmhRuntimeClasspath,testCompileClasspath,testRuntimeClasspath
com.fasterxml.jackson.core:jackson-annotations:2.17.0=productionRuntimeClasspath
com.fasterxml.jackson.core:jackson-annotations:2.22=compileClasspath,compileClasspathCopy,jmhCompileClasspath,jmhRuntimeClasspath,runtimeClasspath,runtimeClasspathCopy,testCompileClasspath,testRuntimeClasspath
com.fasterxml.jackson.core:jackson-core:2.17.0=productionRuntimeClasspath
com.fasterxml.jackson.core:jackson-core:2.22.0=compileClasspath,compileClasspathCopy,jmhCompileClasspath,jmhRuntimeClasspath,runtimeClasspath,runtimeClasspathCopy,testCompileClasspath,testRuntimeClasspath
com.fasterxml.jackson.core:jackson-databind:2.17.0=productionRuntimeClasspath
com.fasterxml.jackson.core:jackson-databind:2.22.0=compileClasspath,compileClasspathCopy,jmhCompileClasspath,jmhRuntimeClasspath,runtimeClasspath,runtimeClasspathCopy,testCompileClasspath,testRuntimeClasspath
com.fasterxml.jackson.dataformat:jackson-dataformat-properties:2.17.0=productionRuntimeClasspath
com.fasterxml.jackson.dataformat:jackson-dataformat-properties:2.22.0=compileClasspath,compileClasspathCopy,jmhCompileClasspath,jmhRuntimeClasspath,runtimeClasspath,runtimeClasspathCopy,testCompileClasspath,testRuntimeClasspath
com.fasterxml.jackson.datatype:jackson-datatype-jsr310:2.22.0=compileClasspath,compileClasspathCopy,jmhCompileClasspath,jmhRuntimeClasspath,runtimeClasspath,runtimeClasspathCopy,testCompileClasspath,testRuntimeClasspath
com.fasterxml.jackson:jackson-bom:2.17.0=productionRuntimeClasspath
com.fasterxml.jackson:jackson-bom:2.22.0=compileClasspath,compileClasspathCopy,jmhCompileClasspath,jmhRuntimeClasspath,runtimeClasspath,runtimeClasspathCopy,testCompileClasspath,testRuntimeClasspath
com.fasterxml.woodstox:woodstox-core:6.4.0=productionRuntimeClasspath
com.fasterxml.woodstox:woodstox-core:6.5.1=jmhRuntimeClasspath,runtimeClasspath,runtimeClasspathCopy,testRuntimeClasspath
com.fasterxml:classmate:1.5.1=compileClasspath,compileClasspathCopy,jmhCompileClasspath,jmhRuntimeClasspath,productionRuntimeClasspath,runtimeClasspath,runtimeClasspathCopy,testCompileClasspath,testRuntimeClasspath
com.flipkart.zjsonpatch:zjsonpatch:0.4.16=jmhRuntimeClasspath,testCompileClasspath,testRuntimeClasspath
com.github.stephenc.jcip:jcip-annotations:1.0-1=compileClasspath,compileClasspathCopy,jmhCompileClasspath,jmhRuntimeClasspath,productionRuntimeClasspath,runtimeClasspath,runtimeClasspathCopy,testCompileClasspath,testRuntimeClasspath
com.google.code.findbugs:jsr305:3.0.2=checkstyle,compileClasspath,compileClasspathCopy,jmhCompileClasspath,jmhRuntimeClasspath,productionRuntimeClasspath,runtimeClasspath,runtimeClasspathCopy,testCompileClasspath,testRuntimeClasspath
com.google.errorprone:error_prone_annotations:2.23.0=compileClasspath,compileClasspathCopy,jmhCompileClasspath,jmhRuntimeClasspath,runtimeClasspath,runtimeClasspathCopy,testCompileClasspath,testRuntimeClasspath
com.google.errorprone:error_prone_annotations:2.26.1=checkstyle,productionRuntimeClasspath
com.google.guava:failureaccess:1.0.2=checkstyle,compileClasspath,compileClasspathCopy,jmhCompileClasspath,jmhRuntimeClasspath,productionRuntimeClasspath,runtimeClasspath,runtimeClasspathCopy,testCompileClasspath,testRuntimeClasspath
com.google.guava:guava:33.0.0-jre=compileClasspath,compileClasspathCopy,jmhCompileClasspath,jmhRuntimeClasspath,runtimeClasspath,runtimeClasspathCopy,testCompileClasspath,testRuntimeClasspath
com.google.guava:guava:33.1.0-jre=productionRuntimeClasspath
com.google.guava:guava:33.2.0-jre=checkstyle
com.google.guava:listenablefuture:9999.0-empty-to-avoid-conflict-with-guava=checkstyle,compileClasspath,compileClasspathCopy,jmhCompileClasspath,jmhRuntimeClasspath,productionRuntimeClasspath,runtimeClasspath,runtimeClasspathCopy,testCompileClasspath,testRuntimeClasspath
com.google.j2objc:j2objc-annotations:2.8=compileClasspath,compileClasspathCopy,jmhCompileClasspath,testCompileClasspath
com.nimbusds:content-type:2.2=compileClasspath,compileClasspathCopy,jmhCompileClasspath,jmhRuntimeClasspath,productionRuntimeClasspath,runtimeClasspath,runtimeClasspathCopy,testCompileClasspath,testRuntimeClasspath
com.nimbusds:lang-tag:1.7=compileClasspath,compileClasspathCopy,jmhCompileClasspath,jmhRuntimeClasspath,productionRuntimeClasspath,runtimeClasspath,runtimeClasspathCopy,testCompileClasspath,testRuntimeClasspath
com.nimbusds:nimbus-jose-jwt:9.37.3=productionRuntimeClasspath
com.nimbusds:nimbus-jose-jwt:9.37.4=compileClasspath,compileClasspathCopy,jmhCompileClasspath,jmhRuntimeClasspath,runtimeClasspath,runtimeClasspathCopy,testCompileClasspath,testRuntimeClasspath
com.nimbusds:oauth2-oidc-sdk:9.43.3=productionRuntimeClasspath
com.nimbusds:oauth2-oidc-sdk:9.43.6=compileClasspath,compileClasspathCopy,jmhCompileClasspath,jmhRuntimeClasspath,runtimeClasspath,runtimeClasspathCopy,testCompileClasspath,testRuntimeClasspath
com.puppycrawl.tools:checkstyle:10.17.0=checkstyle
com.squareup.moshi:moshi:1.8.0=jmhRuntimeClasspath,testCompileClasspath,testRuntimeClasspath
com.squareup.okhttp3:logging-interceptor:4.12.0=jmhRuntimeClasspath,testCompileClasspath,testRuntimeClasspath
com.squareup.okhttp3:okhttp:4.12.0=jmhRuntimeClasspath,testCompileClasspath,testRuntimeClasspath
com.squareup.okio:okio-jvm:3.6.0=jmhRuntimeClasspath,testCompileClasspath,testRuntimeClasspath
com.squareup.okio:okio:3.6.0=jmhRuntimeClasspath,testCompileClasspath,testRuntimeClasspath
com.squareup.retrofit2:converter-moshi:2.9.0=jmhRuntimeClasspath,testCompileClasspath,testRuntimeClasspath
com.squareup.retrofit2:retrofit:2.9.0=jmhRuntimeClasspath,testCompileClasspath,testRuntimeClasspath
com.unboundid:unboundid-ldapsdk:7.0.0=productionRuntimeClasspath
commons-beanutils:commons-beanutils:1.11.0=compileClasspath,compileClasspathCopy,jmhCompileClasspath,jmhRuntimeClasspath,runtimeClasspath,runtimeClasspathCopy,testCompileClasspath,testRuntimeClasspath
commons-beanutils:commons-beanutils:1.9.4=checkstyle,productionRuntimeClasspath
commons-codec:commons-codec:1.15=checkstyle,productionRuntimeClasspath
commons-codec:commons-codec:1.17.1=compileClasspath,compileClasspathCopy,jmhCompileClasspath,jmhRuntimeClasspath,runtimeClasspath,runtimeClasspathCopy,testCompileClasspath,testRuntimeClasspath
commons-collections:commons-collections:3.2.2=checkstyle,compileClasspath,compileClasspathCopy,jmhCompileClasspath,jmhRuntimeClasspath,productionRuntimeClasspath,runtimeClasspath,runtimeClasspathCopy,testCompileClasspath,testRuntimeClasspath
commons-io:commons-io:2.16.1=compileClasspath,compileClasspathCopy,jmhCompileClasspath,jmhRuntimeClasspath,productionRuntimeClasspath,runtimeClasspath,runtimeClasspathCopy,testCompileClasspath,testRuntimeClasspath
commons-logging:commons-logging:1.2=productionRuntimeClasspath
commons-logging:commons-logging:1.3.5=compileClasspath,compileClasspathCopy,jmhCompileClasspath,jmhRuntimeClasspath,runtimeClasspath,runtimeClasspathCopy,testCompileClasspath,testRuntimeClasspath
info.picocli:picocli:4.7.6=checkstyle
io.dropwizard.metrics:metrics-core:4.2.25=productionRuntimeClasspath
io.dropwizard.metrics:metrics-core:4.2.26=compileClasspath,compileClasspathCopy,jmhCompileClasspath,jmhRuntimeClasspath,runtimeClasspath,runtimeClasspathCopy,testCompileClasspath,testRuntimeClasspath
io.dropwizard.metrics:metrics-json:4.2.26=compileClasspath,compileClasspathCopy,jmhCompileClasspath,jmhRuntimeClasspath,runtimeClasspath,runtimeClasspathCopy,testCompileClasspath,testRuntimeClasspath
io.micrometer:micrometer-commons:1.12.5=productionRuntimeClasspath
io.micrometer:micrometer-commons:1.15.12=compileClasspath,compileClasspathCopy,jmhCompileClasspath,jmhRuntimeClasspath,runtimeClasspath,runtimeClasspathCopy,testCompileClasspath,testRuntimeClasspath
io.micrometer:micrometer-core:1.14.9=compileClasspath,compileClasspathCopy,jmhCompileClasspath,jmhRuntimeClasspath,runtimeClasspath,runtimeClasspathCopy,testCompileClasspath,testRuntimeClasspath
io.micrometer:micrometer-observation:1.12.5=productionRuntimeClasspath
io.micrometer:micrometer-observation:1.15.12=compileClasspath,compileClasspathCopy,jmhCompileClasspath,jmhRuntimeClasspath,runtimeClasspath,runtimeClasspathCopy,testCompileClasspath,testRuntimeClasspath
io.projectreactor:reactor-core:3.6.5=productionRuntimeClasspath
io.projectreactor:reactor-core:3.7.14=compileClasspath,compileClasspathCopy,jmhCompileClasspath,jmhRuntimeClasspath,runtimeClasspath,runtimeClasspathCopy,testCompileClasspath,testRuntimeClasspath
jakarta.annotation:jakarta.annotation-api:2.1.1=productionRuntimeClasspath
jakarta.annotation:jakarta.annotation-api:3.0.0=compileClasspath,compileClasspathCopy,jmhCompileClasspath,jmhRuntimeClasspath,runtimeClasspath,runtimeClasspathCopy,testCompileClasspath,testRuntimeClasspath
jakarta.inject:jakarta.inject-api:2.0.1=compileClasspath,compileClasspathCopy,jmhCompileClasspath,jmhRuntimeClasspath,productionRuntimeClasspath,runtimeClasspath,runtimeClasspathCopy,testCompileClasspath,testRuntimeClasspath
jakarta.servlet:jakarta.servlet-api:6.0.0=compileClasspath,compileClasspathCopy,jmhCompileClasspath,jmhRuntimeClasspath,productionRuntimeClasspath,runtimeClasspath,runtimeClasspathCopy,testCompileClasspath,testRuntimeClasspath
jakarta.validation:jakarta.validation-api:3.0.2=compileClasspath,compileClasspathCopy,jmhCompileClasspath,jmhRuntimeClasspath,productionRuntimeClasspath,runtimeClasspath,runtimeClasspathCopy,testCompileClasspath,testRuntimeClasspath
jakarta.xml.bind:jakarta.xml.bind-api:3.0.1=compileClasspath,compileClasspathCopy,jmhCompileClasspath,jmhRuntimeClasspath,runtimeClasspath,runtimeClasspathCopy,testCompileClasspath,testRuntimeClasspath
net.bytebuddy:byte-buddy-agent:1.14.12=jmhRuntimeClasspath,testCompileClasspath,testRuntimeClasspath
net.bytebuddy:byte-buddy:1.14.12=jmhRuntimeClasspath,testCompileClasspath,testRuntimeClasspath
net.bytebuddy:byte-buddy:1.14.9=productionRuntimeClasspath
net.minidev:accessors-smart:2.4.9=productionRuntimeClasspath
net.minidev:accessors-smart:2.5.2=compileClasspath,compileClasspathCopy,jmhCompileClasspath,jmhRuntimeClasspath,runtimeClasspath,runtimeClasspathCopy,testCompileClasspath,testRuntimeClasspath
net.minidev:json-smart:2.4.10=productionRuntimeClasspath
net.minidev:json-smart:2.5.2=compileClasspath,compileClasspathCopy,jmhCompileClasspath,jmhRuntimeClasspath,runtimeClasspath,runtimeClasspathCopy,testCompileClasspath,testRuntimeClasspath
net.sf.jopt-simple:jopt-simple:5.0.4=jmh,jmhCompileClasspath,jmhRuntimeClasspath,testCompileClasspath,testRuntimeClasspath
net.sf.saxon:Saxon-HE:12.4=checkstyle
net.shibboleth.utilities:java-support:8.4.1=productionRuntimeClasspath
net.shibboleth:shib-networking:9.1.3=compileClasspath,compileClasspathCopy,jmhCompileClasspath,jmhRuntimeClasspath,runtimeClasspath,runtimeClasspathCopy,testCompileClasspath,testRuntimeClasspath
net.shibboleth:shib-security:9.1.3=compileClasspath,compileClasspathCopy,jmhCompileClasspath,jmhRuntimeClasspath,runtimeClasspath,runtimeClasspathCopy,testCompileClasspath,testRuntimeClasspath
net.shibboleth:shib-support:9.1.3=compileClasspath,compileClasspathCopy,jmhCompileClasspath,jmhRuntimeClasspath,runtimeClasspath,runtimeClasspathCopy,testCompileClasspath,testRuntimeClasspath
net.shibboleth:shib-velocity:9.1.3=compileClasspath,compileClasspathCopy,jmhCompileClasspath,jmhRuntimeClasspath,runtimeClasspath,runtimeClasspathCopy,testCompileClasspath,testRuntimeClasspath
org.antlr:antlr4-runtime:4.13.1=checkstyle
org.apache.commons:commons-collections4:4.4=compileClasspath,compileClasspathCopy,jmhCompileClasspath,jmhRuntimeClasspath,productionRuntimeClasspath,runtimeClasspath,runtimeClasspathCopy,testCompileClasspath,testRuntimeClasspath
org.apache.commons:commons-csv:1.10.0=jmhRuntimeClasspath,testCompileClasspath,testRuntimeClasspath
org.apache.commons:commons-lang3:3.14.0=compileClasspath,compileClasspathCopy,jmhCompileClasspath,jmhRuntimeClasspath,productionRuntimeClasspath,runtimeClasspath,runtimeClasspathCopy,testCompileClasspath,testRuntimeClasspath
org.apache.commons:commons-lang3:3.8.1=checkstyle
org.apache.commons:commons-math3:3.2=jmh,jmhCompileClasspath
org.apache.commons:commons-math3:3.6.1=jmhRuntimeClasspath,testCompileClasspath,testRuntimeClasspath
org.apache.commons:commons-text:1.3=checkstyle
org.apache.httpcomponents.client5:httpclient5-cache:5.3.1=compileClasspath,compileClasspathCopy,jmhCompileClasspath,jmhRuntimeClasspath,runtimeClasspath,runtimeClasspathCopy,testCompileClasspath,testRuntimeClasspath
org.apache.httpcomponents.client5:httpclient5:5.1.3=checkstyle
org.apache.httpcomponents.client5:httpclient5:5.4.3=compileClasspath,compileClasspathCopy,jmhCompileClasspath,jmhRuntimeClasspath,runtimeClasspath,runtimeClasspathCopy,testCompileClasspath,testRuntimeClasspath
org.apache.httpcomponents.core5:httpcore5-h2:5.1.3=checkstyle
org.apache.httpcomponents.core5:httpcore5-h2:5.3.4=compileClasspath,compileClasspathCopy,jmhCompileClasspath,jmhRuntimeClasspath,runtimeClasspath,runtimeClasspathCopy,testCompileClasspath,testRuntimeClasspath
org.apache.httpcomponents.core5:httpcore5:5.1.3=checkstyle
org.apache.httpcomponents.core5:httpcore5:5.3.4=compileClasspath,compileClasspathCopy,jmhCompileClasspath,jmhRuntimeClasspath,runtimeClasspath,runtimeClasspathCopy,testCompileClasspath,testRuntimeClasspath
org.apache.httpcomponents:httpclient:4.5.13=checkstyle
org.apache.httpcomponents:httpclient:4.5.14=productionRuntimeClasspath
org.apache.httpcomponents:httpcore:4.4.14=checkstyle
org.apache.httpcomponents:httpcore:4.4.16=productionRuntimeClasspath
org.apache.maven.doxia:doxia-core:1.12.0=checkstyle
org.apache.maven.doxia:doxia-logging-api:1.12.0=checkstyle
org.apache.maven.doxia:doxia-module-xdoc:1.12.0=checkstyle
org.apache.maven.doxia:doxia-sink-api:1.12.0=checkstyle
org.apache.santuario:xmlsec:2.3.4=productionRuntimeClasspath
org.apache.santuario:xmlsec:3.0.5=compileClasspath,compileClasspathCopy,jmhCompileClasspath,jmhRuntimeClasspath,runtimeClasspath,runtimeClasspathCopy,testCompileClasspath,testRuntimeClasspath
org.apache.velocity:velocity-engine-core:2.3=compileClasspath,compileClasspathCopy,jmhCompileClasspath,jmhRuntimeClasspath,productionRuntimeClasspath,runtimeClasspath,runtimeClasspathCopy,testCompileClasspath,testRuntimeClasspath
org.apache.xbean:xbean-reflect:3.7=checkstyle
org.apiguardian:apiguardian-api:1.1.2=testCompileClasspath
org.bouncycastle:bcpkix-jdk18on:1.72=productionRuntimeClasspath
org.bouncycastle:bcpkix-jdk18on:1.77=compileClasspath,compileClasspathCopy,jmhCompileClasspath,jmhRuntimeClasspath,runtimeClasspath,runtimeClasspathCopy,testCompileClasspath,testRuntimeClasspath
org.bouncycastle:bcprov-jdk18on:1.72=productionRuntimeClasspath
org.bouncycastle:bcprov-jdk18on:1.79=compileClasspath,compileClasspathCopy,jmhCompileClasspath,jmhRuntimeClasspath,runtimeClasspath,runtimeClasspathCopy,testCompileClasspath,testRuntimeClasspath
org.bouncycastle:bcutil-jdk18on:1.72=productionRuntimeClasspath
org.bouncycastle:bcutil-jdk18on:1.77=compileClasspath,compileClasspathCopy,jmhCompileClasspath,jmhRuntimeClasspath,runtimeClasspath,runtimeClasspathCopy,testCompileClasspath,testRuntimeClasspath
org.checkerframework:checker-qual:3.41.0=compileClasspath,compileClasspathCopy,jmhCompileClasspath,jmhRuntimeClasspath,runtimeClasspath,runtimeClasspathCopy,testCompileClasspath,testRuntimeClasspath
org.checkerframework:checker-qual:3.42.0=productionRuntimeClasspath
org.checkerframework:checker-qual:3.43.0=checkstyle
org.codehaus.plexus:plexus-classworlds:2.6.0=checkstyle
org.codehaus.plexus:plexus-component-annotations:2.1.0=checkstyle
org.codehaus.plexus:plexus-container-default:2.1.0=checkstyle
org.codehaus.plexus:plexus-utils:3.3.0=checkstyle
org.codehaus.woodstox:stax2-api:4.2.1=jmhRuntimeClasspath,productionRuntimeClasspath,runtimeClasspath,runtimeClasspathCopy,testRuntimeClasspath
org.cryptacular:cryptacular:1.2.5=productionRuntimeClasspath
org.cryptacular:cryptacular:1.2.6=compileClasspath,compileClasspathCopy,jmhCompileClasspath,jmhRuntimeClasspath,runtimeClasspath,runtimeClasspathCopy,testCompileClasspath,testRuntimeClasspath
org.hamcrest:hamcrest:2.2=jmhRuntimeClasspath,testCompileClasspath,testRuntimeClasspath
org.hdrhistogram:HdrHistogram:2.2.2=jmhRuntimeClasspath,runtimeClasspath,runtimeClasspathCopy,testRuntimeClasspath
org.hibernate.validator:hibernate-validator:8.0.1.Final=compileClasspath,compileClasspathCopy,jmhCompileClasspath,jmhRuntimeClasspath,productionRuntimeClasspath,runtimeClasspath,runtimeClasspathCopy,testCompileClasspath,testRuntimeClasspath
org.influxdb:influxdb-java:2.25=jmhRuntimeClasspath,testCompileClasspath,testRuntimeClasspath
org.jacoco:org.jacoco.agent:0.8.13=jacocoAgent,jacocoAnt
org.jacoco:org.jacoco.ant:0.8.13=jacocoAnt
org.jacoco:org.jacoco.core:0.8.13=jacocoAnt
org.jacoco:org.jacoco.report:0.8.13=jacocoAnt
org.javassist:javassist:3.28.0-GA=checkstyle
org.jboss.logging:jboss-logging:3.4.3.Final=compileClasspath,compileClasspathCopy,jmhCompileClasspath,jmhRuntimeClasspath,productionRuntimeClasspath,runtimeClasspath,runtimeClasspathCopy,testCompileClasspath,testRuntimeClasspath
org.jetbrains.kotlin:kotlin-stdlib-common:1.9.10=jmhRuntimeClasspath,testCompileClasspath,testRuntimeClasspath
org.jetbrains.kotlin:kotlin-stdlib-jdk7:1.9.10=jmhRuntimeClasspath,testCompileClasspath,testRuntimeClasspath
org.jetbrains.kotlin:kotlin-stdlib-jdk8:1.9.10=jmhRuntimeClasspath,testCompileClasspath,testRuntimeClasspath
org.jetbrains.kotlin:kotlin-stdlib:1.9.10=jmhRuntimeClasspath,testCompileClasspath,testRuntimeClasspath
org.jetbrains:annotations:13.0=jmhRuntimeClasspath,testCompileClasspath,testRuntimeClasspath
org.junit.jupiter:junit-jupiter-api:5.10.2=jmhRuntimeClasspath,testCompileClasspath,testRuntimeClasspath
org.junit.jupiter:junit-jupiter-engine:5.10.2=jmhRuntimeClasspath,testRuntimeClasspath
org.junit.jupiter:junit-jupiter-params:5.10.2=jmhRuntimeClasspath,testCompileClasspath,testRuntimeClasspath
org.junit.jupiter:junit-jupiter:5.10.2=jmhRuntimeClasspath,testCompileClasspath,testRuntimeClasspath
org.junit.platform:junit-platform-commons:1.10.2=jmhRuntimeClasspath,testCompileClasspath,testRuntimeClasspath
org.junit.platform:junit-platform-engine:1.10.2=jmhRuntimeClasspath,testCompileClasspath,testRuntimeClasspath
org.junit.platform:junit-platform-launcher:1.10.2=jmhRuntimeClasspath,testCompileClasspath,testRuntimeClasspath
org.junit:junit-bom:5.10.2=jmhRuntimeClasspath,testCompileClasspath,testRuntimeClasspath
org.latencyutils:LatencyUtils:2.0.3=jmhRuntimeClasspath,runtimeClasspath,runtimeClasspathCopy,testRuntimeClasspath
org.mockito:mockito-core:5.11.0=jmhRuntimeClasspath,testCompileClasspath,testRuntimeClasspath
org.mockito:mockito-inline:5.2.0=jmhRuntimeClasspath,testCompileClasspath,testRuntimeClasspath
org.mockito:mockito-junit-jupiter:5.11.0=jmhRuntimeClasspath,testCompileClasspath,testRuntimeClasspath
org.msgpack:msgpack-core:0.9.8=jmhRuntimeClasspath,testCompileClasspath,testRuntimeClasspath
org.objenesis:objenesis:3.3=jmhRuntimeClasspath,testRuntimeClasspath
org.openjdk.jmh:jmh-core:1.36=jmh,jmhCompileClasspath
org.openjdk.jmh:jmh-core:1.37=jmhRuntimeClasspath,testCompileClasspath,testRuntimeClasspath
org.openjdk.jmh:jmh-generator-annprocess:1.37=jmhRuntimeClasspath,testCompileClasspath,testRuntimeClasspath
org.openjdk.jmh:jmh-generator-asm:1.36=jmh,jmhCompileClasspath,jmhRuntimeClasspath
org.openjdk.jmh:jmh-generator-bytecode:1.36=jmh,jmhCompileClasspath,jmhRuntimeClasspath
org.openjdk.jmh:jmh-generator-reflection:1.36=jmh,jmhCompileClasspath,jmhRuntimeClasspath
org.opensaml:opensaml-core-api:5.1.3=compileClasspath,compileClasspathCopy,jmhCompileClasspath,jmhRuntimeClasspath,runtimeClasspath,runtimeClasspathCopy,testCompileClasspath,testRuntimeClasspath
org.opensaml:opensaml-core-impl:5.1.3=compileClasspath,compileClasspathCopy,jmhCompileClasspath,jmhRuntimeClasspath,runtimeClasspath,runtimeClasspathCopy,testCompileClasspath,testRuntimeClasspath
org.opensaml:opensaml-core:4.3.1=productionRuntimeClasspath
org.opensaml:opensaml-messaging-api:4.3.1=productionRuntimeClasspath
org.opensaml:opensaml-messaging-api:5.1.3=compileClasspath,compileClasspathCopy,jmhCompileClasspath,jmhRuntimeClasspath,runtimeClasspath,runtimeClasspathCopy,testCompileClasspath,testRuntimeClasspath
org.opensaml:opensaml-profile-api:4.3.1=productionRuntimeClasspath
org.opensaml:opensaml-profile-api:5.1.3=compileClasspath,compileClasspathCopy,jmhCompileClasspath,jmhRuntimeClasspath,runtimeClasspath,runtimeClasspathCopy,testCompileClasspath,testRuntimeClasspath
org.opensaml:opensaml-saml-api:4.3.1=productionRuntimeClasspath
org.opensaml:opensaml-saml-api:5.1.3=compileClasspath,compileClasspathCopy,jmhCompileClasspath,jmhRuntimeClasspath,runtimeClasspath,runtimeClasspathCopy,testCompileClasspath,testRuntimeClasspath
org.opensaml:opensaml-saml-impl:4.3.1=productionRuntimeClasspath
org.opensaml:opensaml-saml-impl:5.1.3=compileClasspath,compileClasspathCopy,jmhCompileClasspath,jmhRuntimeClasspath,runtimeClasspath,runtimeClasspathCopy,testCompileClasspath,testRuntimeClasspath
org.opensaml:opensaml-security-api:4.3.1=productionRuntimeClasspath
org.opensaml:opensaml-security-api:5.1.3=compileClasspath,compileClasspathCopy,jmhCompileClasspath,jmhRuntimeClasspath,runtimeClasspath,runtimeClasspathCopy,testCompileClasspath,testRuntimeClasspath
org.opensaml:opensaml-security-impl:4.3.1=productionRuntimeClasspath
org.opensaml:opensaml-security-impl:5.1.3=compileClasspath,compileClasspathCopy,jmhCompileClasspath,jmhRuntimeClasspath,runtimeClasspath,runtimeClasspathCopy,testCompileClasspath,testRuntimeClasspath
org.opensaml:opensaml-soap-api:4.3.1=productionRuntimeClasspath
org.opensaml:opensaml-soap-api:5.1.3=compileClasspath,compileClasspathCopy,jmhCompileClasspath,jmhRuntimeClasspath,runtimeClasspath,runtimeClasspathCopy,testCompileClasspath,testRuntimeClasspath
org.opensaml:opensaml-soap-impl:4.3.1=productionRuntimeClasspath
org.opensaml:opensaml-soap-impl:5.1.3=compileClasspath,compileClasspathCopy,jmhCompileClasspath,jmhRuntimeClasspath,runtimeClasspath,runtimeClasspathCopy,testCompileClasspath,testRuntimeClasspath
org.opensaml:opensaml-storage-api:4.3.1=productionRuntimeClasspath
org.opensaml:opensaml-storage-api:5.1.3=compileClasspath,compileClasspathCopy,jmhCompileClasspath,jmhRuntimeClasspath,runtimeClasspath,runtimeClasspathCopy,testCompileClasspath,testRuntimeClasspath
org.opensaml:opensaml-xmlsec-api:4.3.1=productionRuntimeClasspath
org.opensaml:opensaml-xmlsec-api:5.1.3=compileClasspath,compileClasspathCopy,jmhCompileClasspath,jmhRuntimeClasspath,runtimeClasspath,runtimeClasspathCopy,testCompileClasspath,testRuntimeClasspath
org.opensaml:opensaml-xmlsec-impl:4.3.1=productionRuntimeClasspath
org.opensaml:opensaml-xmlsec-impl:5.1.3=compileClasspath,compileClasspathCopy,jmhCompileClasspath,jmhRuntimeClasspath,runtimeClasspath,runtimeClasspathCopy,testCompileClasspath,testRuntimeClasspath
org.opentest4j:opentest4j:1.3.0=jmhRuntimeClasspath,testCompileClasspath,testRuntimeClasspath
org.ow2.asm:asm-commons:9.8=jacocoAnt
org.ow2.asm:asm-tree:9.8=jacocoAnt
org.ow2.asm:asm:9.0=jmh
org.ow2.asm:asm:9.3=productionRuntimeClasspath
org.ow2.asm:asm:9.7.1=compileClasspath,compileClasspathCopy,jmhCompileClasspath,jmhRuntimeClasspath,runtimeClasspath,runtimeClasspathCopy,testCompileClasspath,testRuntimeClasspath
org.ow2.asm:asm:9.8=jacocoAnt
org.reactivestreams:reactive-streams:1.0.4=compileClasspath,compileClasspathCopy,jmhCompileClasspath,jmhRuntimeClasspath,productionRuntimeClasspath,runtimeClasspath,runtimeClasspathCopy,testCompileClasspath,testRuntimeClasspath
org.reflections:reflections:0.10.2=checkstyle
org.slf4j:slf4j-api:2.0.12=productionRuntimeClasspath
org.slf4j:slf4j-api:2.0.16=compileClasspath,compileClasspathCopy,jmhCompileClasspath,jmhRuntimeClasspath,runtimeClasspath,runtimeClasspathCopy,testCompileClasspath,testRuntimeClasspath
org.slf4j:slf4j-log4j12:2.0.13=jmhRuntimeClasspath,testCompileClasspath,testRuntimeClasspath
org.slf4j:slf4j-reload4j:2.0.13=jmhRuntimeClasspath,testCompileClasspath,testRuntimeClasspath
org.springframework.ldap:spring-ldap-core:3.2.3=productionRuntimeClasspath
org.springframework.ldap:spring-ldap-core:3.3.2=compileClasspath,compileClasspathCopy,jmhCompileClasspath,jmhRuntimeClasspath,runtimeClasspath,runtimeClasspathCopy,testCompileClasspath,testRuntimeClasspath
org.springframework.security:spring-security-config:6.2.4=productionRuntimeClasspath
org.springframework.security:spring-security-config:6.5.11=compileClasspath,compileClasspathCopy,jmhCompileClasspath,jmhRuntimeClasspath,runtimeClasspath,runtimeClasspathCopy,testCompileClasspath,testRuntimeClasspath
org.springframework.security:spring-security-core:6.2.4=productionRuntimeClasspath
org.springframework.security:spring-security-core:6.5.11=compileClasspath,compileClasspathCopy,jmhCompileClasspath,jmhRuntimeClasspath,runtimeClasspath,runtimeClasspathCopy,testCompileClasspath,testRuntimeClasspath
org.springframework.security:spring-security-crypto:6.2.4=productionRuntimeClasspath
org.springframework.security:spring-security-crypto:6.5.11=compileClasspath,compileClasspathCopy,jmhCompileClasspath,jmhRuntimeClasspath,runtimeClasspath,runtimeClasspathCopy,testCompileClasspath,testRuntimeClasspath
org.springframework.security:spring-security-ldap:6.2.4=productionRuntimeClasspath
org.springframework.security:spring-security-ldap:6.5.11=compileClasspath,compileClasspathCopy,jmhCompileClasspath,jmhRuntimeClasspath,runtimeClasspath,runtimeClasspathCopy,testCompileClasspath,testRuntimeClasspath
org.springframework.security:spring-security-oauth2-client:6.2.4=productionRuntimeClasspath
org.springframework.security:spring-security-oauth2-client:6.5.11=compileClasspath,compileClasspathCopy,jmhCompileClasspath,jmhRuntimeClasspath,runtimeClasspath,runtimeClasspathCopy,testCompileClasspath,testRuntimeClasspath
org.springframework.security:spring-security-oauth2-core:6.2.4=productionRuntimeClasspath
org.springframework.security:spring-security-oauth2-core:6.5.11=compileClasspath,compileClasspathCopy,jmhCompileClasspath,jmhRuntimeClasspath,runtimeClasspath,runtimeClasspathCopy,testCompileClasspath,testRuntimeClasspath
org.springframework.security:spring-security-oauth2-jose:6.2.4=productionRuntimeClasspath
org.springframework.security:spring-security-oauth2-jose:6.5.11=compileClasspath,compileClasspathCopy,jmhCompileClasspath,jmhRuntimeClasspath,runtimeClasspath,runtimeClasspathCopy,testCompileClasspath,testRuntimeClasspath
org.springframework.security:spring-security-oauth2-resource-server:6.2.4=productionRuntimeClasspath
org.springframework.security:spring-security-oauth2-resource-server:6.5.11=compileClasspath,compileClasspathCopy,jmhCompileClasspath,jmhRuntimeClasspath,runtimeClasspath,runtimeClasspathCopy,testCompileClasspath,testRuntimeClasspath
org.springframework.security:spring-security-saml2-service-provider:6.2.4=productionRuntimeClasspath
org.springframework.security:spring-security-saml2-service-provider:6.5.11=compileClasspath,compileClasspathCopy,jmhCompileClasspath,jmhRuntimeClasspath,runtimeClasspath,runtimeClasspathCopy,testCompileClasspath,testRuntimeClasspath
org.springframework.security:spring-security-test:6.5.11=jmhRuntimeClasspath,testCompileClasspath,testRuntimeClasspath
org.springframework.security:spring-security-web:6.2.4=productionRuntimeClasspath
org.springframework.security:spring-security-web:6.5.11=compileClasspath,compileClasspathCopy,jmhCompileClasspath,jmhRuntimeClasspath,runtimeClasspath,runtimeClasspathCopy,testCompileClasspath,testRuntimeClasspath
org.springframework:spring-aop:6.1.6=productionRuntimeClasspath
org.springframework:spring-aop:6.2.19=compileClasspath,compileClasspathCopy,jmhCompileClasspath,jmhRuntimeClasspath,runtimeClasspath,runtimeClasspathCopy,testCompileClasspath,testRuntimeClasspath
org.springframework:spring-beans:6.1.6=productionRuntimeClasspath
org.springframework:spring-beans:6.2.19=compileClasspath,compileClasspathCopy,jmhCompileClasspath,jmhRuntimeClasspath,runtimeClasspath,runtimeClasspathCopy,testCompileClasspath,testRuntimeClasspath
org.springframework:spring-context:6.1.6=productionRuntimeClasspath
org.springframework:spring-context:6.2.19=compileClasspath,compileClasspathCopy,jmhCompileClasspath,jmhRuntimeClasspath,runtimeClasspath,runtimeClasspathCopy,testCompileClasspath,testRuntimeClasspath
org.springframework:spring-core:6.1.6=productionRuntimeClasspath
org.springframework:spring-core:6.2.19=compileClasspath,compileClasspathCopy,jmhCompileClasspath,jmhRuntimeClasspath,runtimeClasspath,runtimeClasspathCopy,testCompileClasspath,testRuntimeClasspath
org.springframework:spring-expression:6.1.6=productionRuntimeClasspath
org.springframework:spring-expression:6.2.19=compileClasspath,compileClasspathCopy,jmhCompileClasspath,jmhRuntimeClasspath,runtimeClasspath,runtimeClasspathCopy,testCompileClasspath,testRuntimeClasspath
org.springframework:spring-jcl:6.1.6=productionRuntimeClasspath
org.springframework:spring-jcl:6.2.19=compileClasspath,compileClasspathCopy,jmhCompileClasspath,jmhRuntimeClasspath,runtimeClasspath,runtimeClasspathCopy,testCompileClasspath,testRuntimeClasspath
org.springframework:spring-test:6.2.19=jmhRuntimeClasspath,testCompileClasspath,testRuntimeClasspath
org.springframework:spring-tx:6.1.6=productionRuntimeClasspath
org.springframework:spring-tx:6.2.19=compileClasspath,compileClasspathCopy,jmhCompileClasspath,jmhRuntimeClasspath,runtimeClasspath,runtimeClasspathCopy,testCompileClasspath,testRuntimeClasspath
org.springframework:spring-web:6.1.6=productionRuntimeClasspath
org.springframework:spring-web:6.2.19=compileClasspath,compileClasspathCopy,jmhCompileClasspath,jmhRuntimeClasspath,runtimeClasspath,runtimeClasspathCopy,testCompileClasspath,testRuntimeClasspath
org.springframework:spring-webflux:6.1.6=productionRuntimeClasspath
org.springframework:spring-webflux:6.2.15=compileClasspath,compileClasspathCopy,jmhCompileClasspath,jmhRuntimeClasspath,runtimeClasspath,runtimeClasspathCopy,testCompileClasspath,testRuntimeClasspath
org.xmlresolver:xmlresolver:5.2.2=checkstyle
org.xmlunit:xmlunit-core:2.9.1=jmhRuntimeClasspath,testCompileClasspath,testRuntimeClasspath
se.swedenconnect.opensaml:opensaml-security-ext:3.1.2=productionRuntimeClasspath
se.swedenconnect.opensaml:opensaml-security-ext:4.1.2=compileClasspath,compileClasspathCopy,jmhCompileClasspath,jmhRuntimeClasspath,runtimeClasspath,runtimeClasspathCopy,testCompileClasspath,testRuntimeClasspath
empty=annotationProcessor,cyclonedxBom,developmentOnly,jmhAnnotationProcessor,testAndDevelopmentOnly,testAnnotationProcessor
